
Microsoft Visual Studio Solution File, Format Version 12.00
# Visual Studio 14
VisualStudioVersion = 14.0.25420.1
MinimumVisualStudioVersion = 10.0.40219.1
Project("{FAE04EC0-301F-11D3-BF4B-00C04F79EFBC}") = "LaunchAtlanta.FaceSwap", "LaunchAtlanta.FaceSwap\LaunchAtlanta.FaceSwap.csproj", "{BFE3FE00-D8C6-422B-B907-52DB6A967B81}"
EndProject
Project("{FAE04EC0-301F-11D3-BF4B-00C04F79EFBC}") = "LaunchAtlanta.FaceSwap.Tests", "LaunchAtlanta.FaceSwap.Tests\LaunchAtlanta.FaceSwap.Tests.csproj", "{295ACF56-D0CB-4248-994B-170F0A63F5F4}"
EndProject
Project("{FAE04EC0-301F-11D3-BF4B-00C04F79EFBC}") = "LaunchAtlanta.FaceSwap.Web", "LaunchAtlanta.FaceSwap.Web\LaunchAtlanta.FaceSwap.Web.csproj", "{7774C829-AB26-4D9D-BBFF-E296381EC681}"
EndProject
Global
	GlobalSection(SolutionConfigurationPlatforms) = preSolution
		Debug|Any CPU = Debug|Any CPU
		Release|Any CPU = Release|Any CPU
	EndGlobalSection
	GlobalSection(ProjectConfigurationPlatforms) = postSolution
		{BFE3FE00-D8C6-422B-B907-52DB6A967B81}.Debug|Any CPU.ActiveCfg = Debug|Any CPU
		{BFE3FE00-D8C6-422B-B907-52DB6A967B81}.Debug|Any CPU.Build.0 = Debug|Any CPU
		{BFE3FE00-D8C6-422B-B907-52DB6A967B81}.Release|Any CPU.ActiveCfg = Release|Any CPU
		{BFE3FE00-D8C6-422B-B907-52DB6A967B81}.Release|Any CPU.Build.0 = Release|Any CPU
		{295ACF56-D0CB-4248-994B-170F0A63F5F4}.Debug|Any CPU.ActiveCfg = Debug|Any CPU
		{295ACF56-D0CB-4248-994B-170F0A63F5F4}.Debug|Any CPU.Build.0 = Debug|Any CPU
		{295ACF56-D0CB-4248-994B-170F0A63F5F4}.Release|Any CPU.ActiveCfg = Release|Any CPU
		{295ACF56-D0CB-4248-994B-170F0A63F5F4}.Release|Any CPU.Build.0 = Release|Any CPU
		{7774C829-AB26-4D9D-BBFF-E296381EC681}.Debug|Any CPU.ActiveCfg = Debug|Any CPU
		{7774C829-AB26-4D9D-BBFF-E296381EC681}.Debug|Any CPU.Build.0 = Debug|Any CPU
		{7774C829-AB26-4D9D-BBFF-E296381EC681}.Release|Any CPU.ActiveCfg = Release|Any CPU
		{7774C829-AB26-4D9D-BBFF-E296381EC681}.Release|Any CPU.Build.0 = Release|Any CPU
	EndGlobalSection
	GlobalSection(SolutionProperties) = preSolution
		HideSolutionNode = FALSE
	EndGlobalSection
EndGlobal
